// !$*UTF8*$!
{
	archiveVersion = 1;
	classes = {
	};
	objectVersion = 46;
	objects = {

/* Begin PBXBuildFile section */
		39296FD22076083D00630D85 /* AppDelegate.swift in Sources */ = {isa = PBXBuildFile; fileRef = 39296FD12076083D00630D85 /* AppDelegate.swift */; };
		39296FD42076083D00630D85 /* ViewController.swift in Sources */ = {isa = PBXBuildFile; fileRef = 39296FD32076083D00630D85 /* ViewController.swift */; };
		39296FD72076083D00630D85 /* Main.storyboard in Resources */ = {isa = PBXBuildFile; fileRef = 39296FD52076083D00630D85 /* Main.storyboard */; };
		39296FD92076083D00630D85 /* Assets.xcassets in Resources */ = {isa = PBXBuildFile; fileRef = 39296FD82076083D00630D85 /* Assets.xcassets */; };
		39296FDC2076083D00630D85 /* LaunchScreen.storyboard in Resources */ = {isa = PBXBuildFile; fileRef = 39296FDA2076083D00630D85 /* LaunchScreen.storyboard */; };
		39296FE72076083D00630D85 /* MusicPlayerTests.swift in Sources */ = {isa = PBXBuildFile; fileRef = 39296FE62076083D00630D85 /* MusicPlayerTests.swift */; };
		39296FF22076083D00630D85 /* MusicPlayerUITests.swift in Sources */ = {isa = PBXBuildFile; fileRef = 39296FF12076083D00630D85 /* MusicPlayerUITests.swift */; };
/* End PBXBuildFile section */

/* Begin PBXContainerItemProxy section */
		39296FE32076083D00630D85 /* PBXContainerItemProxy */ = {
			isa = PBXContainerItemProxy;
			containerPortal = 39296FC62076083D00630D85 /* Project object */;
			proxyType = 1;
			remoteGlobalIDString = 39296FCD2076083D00630D85;
			remoteInfo = MusicPlayer;
		};
		39296FEE2076083D00630D85 /* PBXContainerItemProxy */ = {
			isa = PBXContainerItemProxy;
			containerPortal = 39296FC62076083D00630D85 /* Project object */;
			proxyType = 1;
			remoteGlobalIDString = 39296FCD2076083D00630D85;
			remoteInfo = MusicPlayer;
		};
/* End PBXContainerItemProxy section */

/* Begin PBXFileReference section */
		39296FCE2076083D00630D85 /* MusicPlayer.app */ = {isa = PBXFileReference; explicitFileType = wrapper.application; includeInIndex = 0; path = MusicPlayer.app; sourceTree = BUILT_PRODUCTS_DIR; };
		39296FD12076083D00630D85 /* AppDelegate.swift */ = {isa = PBXFileReference; lastKnownFileType = sourcecode.swift; path = AppDelegate.swift; sourceTree = "<group>"; };
		39296FD32076083D00630D85 /* ViewController.swift */ = {isa = PBXFileReference; lastKnownFileType = sourcecode.swift; path = ViewController.swift; sourceTree = "<group>"; };
		39296FD62076083D00630D85 /* Base */ = {isa = PBXFileReference; lastKnownFileType = file.storyboard; name = Base; path = Base.lproj/Main.storyboard; sourceTree = "<group>"; };
		39296FD82076083D00630D85 /* Assets.xcassets */ = {isa = PBXFileReference; lastKnownFileType = folder.assetcatalog; path = Assets.xcassets; sourceTree = "<group>"; };
		39296FDB2076083D00630D85 /* Base */ = {isa = PBXFileReference; lastKnownFileType = file.storyboard; name = Base; path = Base.lproj/LaunchScreen.storyboard; sourceTree = "<group>"; };
		39296FDD2076083D00630D85 /* Info.plist */ = {isa = PBXFileReference; lastKnownFileType = text.plist.xml; path = Info.plist; sourceTree = "<group>"; };
		39296FE22076083D00630D85 /* MusicPlayerTests.xctest */ = {isa = PBXFileReference; explicitFileType = wrapper.cfbundle; includeInIndex = 0; path = MusicPlayerTests.xctest; sourceTree = BUILT_PRODUCTS_DIR; };
		39296FE62076083D00630D85 /* MusicPlayerTests.swift */ = {isa = PBXFileReference; lastKnownFileType = sourcecode.swift; path = MusicPlayerTests.swift; sourceTree = "<group>"; };
		39296FE82076083D00630D85 /* Info.plist */ = {isa = PBXFileReference; lastKnownFileType = text.plist.xml; path = Info.plist; sourceTree = "<group>"; };
		39296FED2076083D00630D85 /* MusicPlayerUITests.xctest */ = {isa = PBXFileReference; explicitFileType = wrapper.cfbundle; includeInIndex = 0; path = MusicPlayerUITests.xctest; sourceTree = BUILT_PRODUCTS_DIR; };
		39296FF12076083D00630D85 /* MusicPlayerUITests.swift */ = {isa = PBXFileReference; lastKnownFileType = sourcecode.swift; path = MusicPlayerUITests.swift; sourceTree = "<group>"; };
		39296FF32076083D00630D85 /* Info.plist */ = {isa = PBXFileReference; lastKnownFileType = text.plist.xml; path = Info.plist; sourceTree = "<group>"; };
/* End PBXFileReference section */

/* Begin PBXFrameworksBuildPhase section */
		39296FCB2076083D00630D85 /* Frameworks */ = {
			isa = PBXFrameworksBuildPhase;
			buildActionMask = 2147483647;
			files = (
			);
			runOnlyForDeploymentPostprocessing = 0;
		};
		39296FDF2076083D00630D85 /* Frameworks */ = {
			isa = PBXFrameworksBuildPhase;
			buildActionMask = 2147483647;
			files = (
			);
			runOnlyForDeploymentPostprocessing = 0;
		};
		39296FEA2076083D00630D85 /* Frameworks */ = {
			isa = PBXFrameworksBuildPhase;
			buildActionMask = 2147483647;
			files = (
			);
			runOnlyForDeploymentPostprocessing = 0;
		};
/* End PBXFrameworksBuildPhase section */

/* Begin PBXGroup section */
		39296FC52076083D00630D85 = {
			isa = PBXGroup;
			children = (
				39296FD02076083D00630D85 /* MusicPlayer */,
				39296FE52076083D00630D85 /* MusicPlayerTests */,
				39296FF02076083D00630D85 /* MusicPlayerUITests */,
				39296FCF2076083D00630D85 /* Products */,
			);
			sourceTree = "<group>";
		};
		39296FCF2076083D00630D85 /* Products */ = {
			isa = PBXGroup;
			children = (
				39296FCE2076083D00630D85 /* MusicPlayer.app */,
				39296FE22076083D00630D85 /* MusicPlayerTests.xctest */,
				39296FED2076083D00630D85 /* MusicPlayerUITests.xctest */,
			);
			name = Products;
			sourceTree = "<group>";
		};
		39296FD02076083D00630D85 /* MusicPlayer */ = {
			isa = PBXGroup;
			children = (
				39296FD12076083D00630D85 /* AppDelegate.swift */,
				39296FD32076083D00630D85 /* ViewController.swift */,
				39296FD52076083D00630D85 /* Main.storyboard */,
				39296FD82076083D00630D85 /* Assets.xcassets */,
				39296FDA2076083D00630D85 /* LaunchScreen.storyboard */,
				39296FDD2076083D00630D85 /* Info.plist */,
			);
			path = MusicPlayer;
			sourceTree = "<group>";
		};
		39296FE52076083D00630D85 /* MusicPlayerTests */ = {
			isa = PBXGroup;
			children = (
				39296FE62076083D00630D85 /* MusicPlayerTests.swift */,
				39296FE82076083D00630D85 /* Info.plist */,
			);
			path = MusicPlayerTests;
			sourceTree = "<group>";
		};
		39296FF02076083D00630D85 /* MusicPlayerUITests */ = {
			isa = PBXGroup;
			children = (
				39296FF12076083D00630D85 /* MusicPlayerUITests.swift */,
				39296FF32076083D00630D85 /* Info.plist */,
			);
			path = MusicPlayerUITests;
			sourceTree = "<group>";
		};
/* End PBXGroup section */

/* Begin PBXNativeTarget section */
		39296FCD2076083D00630D85 /* MusicPlayer */ = {
			isa = PBXNativeTarget;
			buildConfigurationList = 39296FF62076083D00630D85 /* Build configuration list for PBXNativeTarget "MusicPlayer" */;
			buildPhases = (
				39296FCA2076083D00630D85 /* Sources */,
				39296FCB2076083D00630D85 /* Frameworks */,
				39296FCC2076083D00630D85 /* Resources */,
			);
			buildRules = (
			);
			dependencies = (
			);
			name = MusicPlayer;
			productName = MusicPlayer;
			productReference = 39296FCE2076083D00630D85 /* MusicPlayer.app */;
			productType = "com.apple.product-type.application";
		};
		39296FE12076083D00630D85 /* MusicPlayerTests */ = {
			isa = PBXNativeTarget;
			buildConfigurationList = 39296FF92076083D00630D85 /* Build configuration list for PBXNativeTarget "MusicPlayerTests" */;
			buildPhases = (
				39296FDE2076083D00630D85 /* Sources */,
				39296FDF2076083D00630D85 /* Frameworks */,
				39296FE02076083D00630D85 /* Resources */,
			);
			buildRules = (
			);
			dependencies = (
				39296FE42076083D00630D85 /* PBXTargetDependency */,
			);
			name = MusicPlayerTests;
			productName = MusicPlayerTests;
			productReference = 39296FE22076083D00630D85 /* MusicPlayerTests.xctest */;
			productType = "com.apple.product-type.bundle.unit-test";
		};
		39296FEC2076083D00630D85 /* MusicPlayerUITests */ = {
			isa = PBXNativeTarget;
			buildConfigurationList = 39296FFC2076083D00630D85 /* Build configuration list for PBXNativeTarget "MusicPlayerUITests" */;
			buildPhases = (
				39296FE92076083D00630D85 /* Sources */,
				39296FEA2076083D00630D85 /* Frameworks */,
				39296FEB2076083D00630D85 /* Resources */,
			);
			buildRules = (
			);
			dependencies = (
				39296FEF2076083D00630D85 /* PBXTargetDependency */,
			);
			name = MusicPlayerUITests;
			productName = MusicPlayerUITests;
			productReference = 39296FED2076083D00630D85 /* MusicPlayerUITests.xctest */;
			productType = "com.apple.product-type.bundle.ui-testing";
		};
/* End PBXNativeTarget section */

/* Begin PBXProject section */
		39296FC62076083D00630D85 /* Project object */ = {
			isa = PBXProject;
			attributes = {
				LastSwiftUpdateCheck = 0830;
				LastUpgradeCheck = 0830;
				ORGANIZATIONNAME = RAK;
				TargetAttributes = {
					39296FCD2076083D00630D85 = {
						CreatedOnToolsVersion = 8.3.3;
						ProvisioningStyle = Automatic;
					};
					39296FE12076083D00630D85 = {
						CreatedOnToolsVersion = 8.3.3;
						ProvisioningStyle = Automatic;
						TestTargetID = 39296FCD2076083D00630D85;
					};
					39296FEC2076083D00630D85 = {
						CreatedOnToolsVersion = 8.3.3;
						ProvisioningStyle = Automatic;
						TestTargetID = 39296FCD2076083D00630D85;
					};
				};
			};
			buildConfigurationList = 39296FC92076083D00630D85 /* Build configuration list for PBXProject "MusicPlayer" */;
			compatibilityVersion = "Xcode 3.2";
			developmentRegion = English;
			hasScannedForEncodings = 0;
			knownRegions = (
				en,
				Base,
			);
			mainGroup = 39296FC52076083D00630D85;
			productRefGroup = 39296FCF2076083D00630D85 /* Products */;
			projectDirPath = "";
			projectRoot = "";
			targets = (
				39296FCD2076083D00630D85 /* MusicPlayer */,
				39296FE12076083D00630D85 /* MusicPlayerTests */,
				39296FEC2076083D00630D85 /* MusicPlayerUITests */,
			);
		};
/* End PBXProject section */

/* Begin PBXResourcesBuildPhase section */
		39296FCC2076083D00630D85 /* Resources */ = {
			isa = PBXResourcesBuildPhase;
			buildActionMask = 2147483647;
			files = (
				39296FDC2076083D00630D85 /* LaunchScreen.storyboard in Resources */,
				39296FD92076083D00630D85 /* Assets.xcassets in Resources */,
				39296FD72076083D00630D85 /* Main.storyboard in Resources */,
			);
			runOnlyForDeploymentPostprocessing = 0;
		};
		39296FE02076083D00630D85 /* Resources */ = {
			isa = PBXResourcesBuildPhase;
			buildActionMask = 2147483647;
			files = (
			);
			runOnlyForDeploymentPostprocessing = 0;
		};
		39296FEB2076083D00630D85 /* Resources */ = {
			isa = PBXResourcesBuildPhase;
			buildActionMask = 2147483647;
			files = (
			);
			runOnlyForDeploymentPostprocessing = 0;
		};
/* End PBXResourcesBuildPhase section */

/* Begin PBXSourcesBuildPhase section */
		39296FCA2076083D00630D85 /* Sources */ = {
			isa = PBXSourcesBuildPhase;
			buildActionMask = 2147483647;
			files = (
				39296FD42076083D00630D85 /* ViewController.swift in Sources */,
				39296FD22076083D00630D85 /* AppDelegate.swift in Sources */,
			);
			runOnlyForDeploymentPostprocessing = 0;
		};
		39296FDE2076083D00630D85 /* Sources */ = {
			isa = PBXSourcesBuildPhase;
			buildActionMask = 2147483647;
			files = (
				39296FE72076083D00630D85 /* MusicPlayerTests.swift in Sources */,
			);
			runOnlyForDeploymentPostprocessing = 0;
		};
		39296FE92076083D00630D85 /* Sources */ = {
			isa = PBXSourcesBuildPhase;
			buildActionMask = 2147483647;
			files = (
				39296FF22076083D00630D85 /* MusicPlayerUITests.swift in Sources */,
			);
			runOnlyForDeploymentPostprocessing = 0;
		};
/* End PBXSourcesBuildPhase section */

/* Begin PBXTargetDependency section */
		39296FE42076083D00630D85 /* PBXTargetDependency */ = {
			isa = PBXTargetDependency;
			target = 39296FCD2076083D00630D85 /* MusicPlayer */;
			targetProxy = 39296FE32076083D00630D85 /* PBXContainerItemProxy */;
		};
		39296FEF2076083D00630D85 /* PBXTargetDependency */ = {
			isa = PBXTargetDependency;
			target = 39296FCD2076083D00630D85 /* MusicPlayer */;
			targetProxy = 39296FEE2076083D00630D85 /* PBXContainerItemProxy */;
		};
/* End PBXTargetDependency section */

/* Begin PBXVariantGroup section */
		39296FD52076083D00630D85 /* Main.storyboard */ = {
			isa = PBXVariantGroup;
			children = (
				39296FD62076083D00630D85 /* Base */,
			);
			name = Main.storyboard;
			sourceTree = "<group>";
		};
		39296FDA2076083D00630D85 /* LaunchScreen.storyboard */ = {
			isa = PBXVariantGroup;
			children = (
				39296FDB2076083D00630D85 /* Base */,
			);
			name = LaunchScreen.storyboard;
			sourceTree = "<group>";
		};
/* End PBXVariantGroup section */

/* Begin XCBuildConfiguration section */
		39296FF42076083D00630D85 /* Debug */ = {
			isa = XCBuildConfiguration;
			buildSettings = {
				ALWAYS_SEARCH_USER_PATHS = NO;
				CLANG_ANALYZER_NONNULL = YES;
				CLANG_ANALYZER_NUMBER_OBJECT_CONVERSION = YES_AGGRESSIVE;
				CLANG_CXX_LANGUAGE_STANDARD = "gnu++0x";
				CLANG_CXX_LIBRARY = "libc++";
				CLANG_ENABLE_MODULES = YES;
				CLANG_ENABLE_OBJC_ARC = YES;
				CLANG_WARN_BOOL_CONVERSION = YES;
				CLANG_WARN_CONSTANT_CONVERSION = YES;
				CLANG_WARN_DIRECT_OBJC_ISA_USAGE = YES_ERROR;
				CLANG_WARN_DOCUMENTATION_COMMENTS = YES;
				CLANG_WARN_EMPTY_BODY = YES;
				CLANG_WARN_ENUM_CONVERSION = YES;
				CLANG_WARN_INFINITE_RECURSION = YES;
				CLANG_WARN_INT_CONVERSION = YES;
				CLANG_WARN_OBJC_ROOT_CLASS = YES_ERROR;
				CLANG_WARN_SUSPICIOUS_MOVE = YES;
				CLANG_WARN_UNREACHABLE_CODE = YES;
				CLANG_WARN__DUPLICATE_METHOD_MATCH = YES;
				"CODE_SIGN_IDENTITY[sdk=iphoneos*]" = "iPhone Developer";
				COPY_PHASE_STRIP = NO;
				DEBUG_INFORMATION_FORMAT = dwarf;
				ENABLE_STRICT_OBJC_MSGSEND = YES;
				ENABLE_TESTABILITY = YES;
				GCC_C_LANGUAGE_STANDARD = gnu99;
				GCC_DYNAMIC_NO_PIC = NO;
				GCC_NO_COMMON_BLOCKS = YES;
				GCC_OPTIMIZATION_LEVEL = 0;
				GCC_PREPROCESSOR_DEFINITIONS = (
					"DEBUG=1",
					"$(inherited)",
				);
				GCC_WARN_64_TO_32_BIT_CONVERSION = YES;
				GCC_WARN_ABOUT_RETURN_TYPE = YES_ERROR;
				GCC_WARN_UNDECLARED_SELECTOR = YES;
				GCC_WARN_UNINITIALIZED_AUTOS = YES_AGGRESSIVE;
				GCC_WARN_UNUSED_FUNCTION = YES;
				GCC_WARN_UNUSED_VARIABLE = YES;
				IPHONEOS_DEPLOYMENT_TARGET = 10.3;
				MTL_ENABLE_DEBUG_INFO = YES;
				ONLY_ACTIVE_ARCH = YES;
				SDKROOT = iphoneos;
				SWIFT_ACTIVE_COMPILATION_CONDITIONS = DEBUG;
				SWIFT_OPTIMIZATION_LEVEL = "-Onone";
				TARGETED_DEVICE_FAMILY = "1,2";
			};
			name = Debug;
		};
		39296FF52076083D00630D85 /* Release */ = {
			isa = XCBuildConfiguration;
			buildSettings = {
				ALWAYS_SEARCH_USER_PATHS = NO;
				CLANG_ANALYZER_NONNULL = YES;
				CLANG_ANALYZER_NUMBER_OBJECT_CONVERSION = YES_AGGRESSIVE;
				CLANG_CXX_LANGUAGE_STANDARD = "gnu++0x";
				CLANG_CXX_LIBRARY = "libc++";
				CLANG_ENABLE_MODULES = YES;
				CLANG_ENABLE_OBJC_ARC = YES;
				CLANG_WARN_BOOL_CONVERSION = YES;
				CLANG_WARN_CONSTANT_CONVERSION = YES;
				CLANG_WARN_DIRECT_OBJC_ISA_USAGE = YES_ERROR;
				CLANG_WARN_DOCUMENTATION_COMMENTS = YES;
				CLANG_WARN_EMPTY_BODY = YES;
				CLANG_WARN_ENUM_CONVERSION = YES;
				CLANG_WARN_INFINITE_RECURSION = YES;
				CLANG_WARN_INT_CONVERSION = YES;
				CLANG_WARN_OBJC_ROOT_CLASS = YES_ERROR;
				CLANG_WARN_SUSPICIOUS_MOVE = YES;
				CLANG_WARN_UNREACHABLE_CODE = YES;
				CLANG_WARN__DUPLICATE_METHOD_MATCH = YES;
				"CODE_SIGN_IDENTITY[sdk=iphoneos*]" = "iPhone Developer";
				COPY_PHASE_STRIP = NO;
				DEBUG_INFORMATION_FORMAT = "dwarf-with-dsym";
				ENABLE_NS_ASSERTIONS = NO;
				ENABLE_STRICT_OBJC_MSGSEND = YES;
				GCC_C_LANGUAGE_STANDARD = gnu99;
				GCC_NO_COMMON_BLOCKS = YES;
				GCC_WARN_64_TO_32_BIT_CONVERSION = YES;
				GCC_WARN_ABOUT_RETURN_TYPE = YES_ERROR;
				GCC_WARN_UNDECLARED_SELECTOR = YES;
				GCC_WARN_UNINITIALIZED_AUTOS = YES_AGGRESSIVE;
				GCC_WARN_UNUSED_FUNCTION = YES;
				GCC_WARN_UNUSED_VARIABLE = YES;
				IPHONEOS_DEPLOYMENT_TARGET = 10.3;
				MTL_ENABLE_DEBUG_INFO = NO;
				SDKROOT = iphoneos;
				SWIFT_OPTIMIZATION_LEVEL = "-Owholemodule";
				TARGETED_DEVICE_FAMILY = "1,2";
				VALIDATE_PRODUCT = YES;
			};
			name = Release;
		};
		39296FF72076083D00630D85 /* Debug */ = {
			isa = XCBuildConfiguration;
			buildSettings = {
				ASSETCATALOG_COMPILER_APPICON_NAME = AppIcon;
				INFOPLIST_FILE = MusicPlayer/Info.plist;
				LD_RUNPATH_SEARCH_PATHS = "$(inherited) @executable_path/Frameworks";
				PRODUCT_BUNDLE_IDENTIFIER = com.rak.MusicPlayer;
				PRODUCT_NAME = "$(TARGET_NAME)";
				SWIFT_VERSION = 3.0;
			};
			name = Debug;
		};
		39296FF82076083D00630D85 /* Release */ = {
			isa = XCBuildConfiguration;
			buildSettings = {
				ASSETCATALOG_COMPILER_APPICON_NAME = AppIcon;
				INFOPLIST_FILE = MusicPlayer/Info.plist;
				LD_RUNPATH_SEARCH_PATHS = "$(inherited) @executable_path/Frameworks";
				PRODUCT_BUNDLE_IDENTIFIER = com.rak.MusicPlayer;
				PRODUCT_NAME = "$(TARGET_NAME)";
				SWIFT_VERSION = 3.0;
			};
			name = Release;
		};
		39296FFA2076083D00630D85 /* Debug */ = {
			isa = XCBuildConfiguration;
			buildSettings = {
				ALWAYS_EMBED_SWIFT_STANDARD_LIBRARIES = YES;
				BUNDLE_LOADER = "$(TEST_HOST)";
				INFOPLIST_FILE = MusicPlayerTests/Info.plist;
				LD_RUNPATH_SEARCH_PATHS = "$(inherited) @executable_path/Frameworks @loader_path/Frameworks";
				PRODUCT_BUNDLE_IDENTIFIER = com.rak.MusicPlayerTests;
				PRODUCT_NAME = "$(TARGET_NAME)";
				SWIFT_VERSION = 3.0;
				TEST_HOST = "$(BUILT_PRODUCTS_DIR)/MusicPlayer.app/MusicPlayer";
			};
			name = Debug;
		};
		39296FFB2076083D00630D85 /* Release */ = {
			isa = XCBuildConfiguration;
			buildSettings = {
				ALWAYS_EMBED_SWIFT_STANDARD_LIBRARIES = YES;
				BUNDLE_LOADER = "$(TEST_HOST)";
				INFOPLIST_FILE = MusicPlayerTests/Info.plist;
				LD_RUNPATH_SEARCH_PATHS = "$(inherited) @executable_path/Frameworks @loader_path/Frameworks";
				PRODUCT_BUNDLE_IDENTIFIER = com.rak.MusicPlayerTests;
				PRODUCT_NAME = "$(TARGET_NAME)";
				SWIFT_VERSION = 3.0;
				TEST_HOST = "$(BUILT_PRODUCTS_DIR)/MusicPlayer.app/MusicPlayer";
			};
			name = Release;
		};
		39296FFD2076083D00630D85 /* Debug */ = {
			isa = XCBuildConfiguration;
			buildSettings = {
				ALWAYS_EMBED_SWIFT_STANDARD_LIBRARIES = YES;
				INFOPLIST_FILE = MusicPlayerUITests/Info.plist;
				LD_RUNPATH_SEARCH_PATHS = "$(inherited) @executable_path/Frameworks @loader_path/Frameworks";
				PRODUCT_BUNDLE_IDENTIFIER = com.rak.MusicPlayerUITests;
				PRODUCT_NAME = "$(TARGET_NAME)";
				SWIFT_VERSION = 3.0;
				TEST_TARGET_NAME = MusicPlayer;
			};
			name = Debug;
		};
		39296FFE2076083D00630D85 /* Release */ = {
			isa = XCBuildConfiguration;
			buildSettings = {
				ALWAYS_EMBED_SWIFT_STANDARD_LIBRARIES = YES;
				INFOPLIST_FILE = MusicPlayerUITests/Info.plist;
				LD_RUNPATH_SEARCH_PATHS = "$(inherited) @executable_path/Frameworks @loader_path/Frameworks";
				PRODUCT_BUNDLE_IDENTIFIER = com.rak.MusicPlayerUITests;
				PRODUCT_NAME = "$(TARGET_NAME)";
				SWIFT_VERSION = 3.0;
				TEST_TARGET_NAME = MusicPlayer;
			};
			name = Release;
		};
/* End XCBuildConfiguration section */

/* Begin XCConfigurationList section */
		39296FC92076083D00630D85 /* Build configuration list for PBXProject "MusicPlayer" */ = {
			isa = XCConfigurationList;
			buildConfigurations = (
				39296FF42076083D00630D85 /* Debug */,
				39296FF52076083D00630D85 /* Release */,
			);
			defaultConfigurationIsVisible = 0;
			defaultConfigurationName = Release;
		};
		39296FF62076083D00630D85 /* Build configuration list for PBXNativeTarget "MusicPlayer" */ = {
			isa = XCConfigurationList;
			buildConfigurations = (
				39296FF72076083D00630D85 /* Debug */,
				39296FF82076083D00630D85 /* Release */,
			);
			defaultConfigurationIsVisible = 0;
		};
		39296FF92076083D00630D85 /* Build configuration list for PBXNativeTarget "MusicPlayerTests" */ = {
			isa = XCConfigurationList;
			buildConfigurations = (
				39296FFA2076083D00630D85 /* Debug */,
				39296FFB2076083D00630D85 /* Release */,
			);
			defaultConfigurationIsVisible = 0;
		};
		39296FFC2076083D00630D85 /* Build configuration list for PBXNativeTarget "MusicPlayerUITests" */ = {
			isa = XCConfigurationList;
			buildConfigurations = (
				39296FFD2076083D00630D85 /* Debug */,
				39296FFE2076083D00630D85 /* Release */,
			);
			defaultConfigurationIsVisible = 0;
		};
/* End XCConfigurationList section */
	};
	rootObject = 39296FC62076083D00630D85 /* Project object */;
}
